# This file is autogenerated, do not edit; changes may be undone by the next 'dep ensure'.


[[projects]]
  name = "github.com/jung-kurt/gofpdf"
  packages = ["."]
  revision = "5f7ef44fbb8b640931a08e3eae8faa79e845d3a5"
  version = "v2.17.2"

[solve-meta]
  analyzer-name = "dep"
  analyzer-version = 1
  inputs-digest = "a10438393566e6dffa5021fb044a113c22a60511fbb015a473521cf80140721d"
  solver-name = "gps-cdcl"
  solver-version = 1
